
Microsoft Visual Studio Solution File, Format Version 12.00
# Visual Studio Version 16
VisualStudioVersion = 16.0.28803.202
MinimumVisualStudioVersion = 10.0.40219.1
Project("{9A19103F-16F7-4668-BE54-9A1E7A4F7556}") = "TvShowService", "TvShowService\TvShowService.csproj", "{DFB8088D-7822-4793-876C-7C87C9FBAA4C}"
EndProject
Project("{9A19103F-16F7-4668-BE54-9A1E7A4F7556}") = "TvShowService.BusinessLogic", "TvShowService.BusinessLogic\TvShowService.BusinessLogic.csproj", "{C1692E81-05F3-4843-BD42-33D6AA3B05A3}"
EndProject
Project("{9A19103F-16F7-4668-BE54-9A1E7A4F7556}") = "TvShowService.TvMazeClient", "TvShowServce.TvMazeClient\TvShowService.TvMazeClient.csproj", "{0D09145A-F243-4F95-9758-80A87FAAE026}"
EndProject
Project("{9A19103F-16F7-4668-BE54-9A1E7A4F7556}") = "Common.Interfaces", "Common.Interfaces\Common.Interfaces.csproj", "{3B999FB1-58A0-4F15-B9B0-5FE96E58FED7}"
EndProject
Project("{2150E333-8FDC-42A3-9474-1A3956D46DE8}") = "Solution Items", "Solution Items", "{91BA6AC3-0332-4584-B5F8-3FD9E352DBCE}"
	ProjectSection(SolutionItems) = preProject
		Dockerfile = Dockerfile
		readme.md = readme.md
	EndProjectSection
EndProject
Global
	GlobalSection(SolutionConfigurationPlatforms) = preSolution
		Debug|Any CPU = Debug|Any CPU
		Release|Any CPU = Release|Any CPU
	EndGlobalSection
	GlobalSection(ProjectConfigurationPlatforms) = postSolution
		{DFB8088D-7822-4793-876C-7C87C9FBAA4C}.Debug|Any CPU.ActiveCfg = Debug|Any CPU
		{DFB8088D-7822-4793-876C-7C87C9FBAA4C}.Debug|Any CPU.Build.0 = Debug|Any CPU
		{DFB8088D-7822-4793-876C-7C87C9FBAA4C}.Release|Any CPU.ActiveCfg = Release|Any CPU
		{DFB8088D-7822-4793-876C-7C87C9FBAA4C}.Release|Any CPU.Build.0 = Release|Any CPU
		{C1692E81-05F3-4843-BD42-33D6AA3B05A3}.Debug|Any CPU.ActiveCfg = Debug|Any CPU
		{C1692E81-05F3-4843-BD42-33D6AA3B05A3}.Debug|Any CPU.Build.0 = Debug|Any CPU
		{C1692E81-05F3-4843-BD42-33D6AA3B05A3}.Release|Any CPU.ActiveCfg = Release|Any CPU
		{C1692E81-05F3-4843-BD42-33D6AA3B05A3}.Release|Any CPU.Build.0 = Release|Any CPU
		{0D09145A-F243-4F95-9758-80A87FAAE026}.Debug|Any CPU.ActiveCfg = Debug|Any CPU
		{0D09145A-F243-4F95-9758-80A87FAAE026}.Debug|Any CPU.Build.0 = Debug|Any CPU
		{0D09145A-F243-4F95-9758-80A87FAAE026}.Release|Any CPU.ActiveCfg = Release|Any CPU
		{0D09145A-F243-4F95-9758-80A87FAAE026}.Release|Any CPU.Build.0 = Release|Any CPU
		{3B999FB1-58A0-4F15-B9B0-5FE96E58FED7}.Debug|Any CPU.ActiveCfg = Debug|Any CPU
		{3B999FB1-58A0-4F15-B9B0-5FE96E58FED7}.Debug|Any CPU.Build.0 = Debug|Any CPU
		{3B999FB1-58A0-4F15-B9B0-5FE96E58FED7}.Release|Any CPU.ActiveCfg = Release|Any CPU
		{3B999FB1-58A0-4F15-B9B0-5FE96E58FED7}.Release|Any CPU.Build.0 = Release|Any CPU
	EndGlobalSection
	GlobalSection(SolutionProperties) = preSolution
		HideSolutionNode = FALSE
	EndGlobalSection
	GlobalSection(ExtensibilityGlobals) = postSolution
		SolutionGuid = {0753A12F-5A61-4B8A-935D-CEB37AD5D4F2}
	EndGlobalSection
EndGlobal
