
Microsoft Visual Studio Solution File, Format Version 12.00
# Visual Studio 15
VisualStudioVersion = 15.0.28307.168
MinimumVisualStudioVersion = 10.0.40219.1
Project("{FAE04EC0-301F-11D3-BF4B-00C04F79EFBC}") = "TvShowService", "TvShowService\TvShowService.csproj", "{DFB8088D-7822-4793-876C-7C87C9FBAA4C}"
EndProject
Global
	GlobalSection(SolutionConfigurationPlatforms) = preSolution
		Debug|Any CPU = Debug|Any CPU
		Release|Any CPU = Release|Any CPU
	EndGlobalSection
	GlobalSection(ProjectConfigurationPlatforms) = postSolution
		{DFB8088D-7822-4793-876C-7C87C9FBAA4C}.Debug|Any CPU.ActiveCfg = Debug|Any CPU
		{DFB8088D-7822-4793-876C-7C87C9FBAA4C}.Debug|Any CPU.Build.0 = Debug|Any CPU
		{DFB8088D-7822-4793-876C-7C87C9FBAA4C}.Release|Any CPU.ActiveCfg = Release|Any CPU
		{DFB8088D-7822-4793-876C-7C87C9FBAA4C}.Release|Any CPU.Build.0 = Release|Any CPU
	EndGlobalSection
	GlobalSection(SolutionProperties) = preSolution
		HideSolutionNode = FALSE
	EndGlobalSection
	GlobalSection(ExtensibilityGlobals) = postSolution
		SolutionGuid = {0753A12F-5A61-4B8A-935D-CEB37AD5D4F2}
	EndGlobalSection
EndGlobal
